
Microsoft Visual Studio Solution File, Format Version 12.00
# Visual Studio 15
VisualStudioVersion = 15.0.28307.757
MinimumVisualStudioVersion = 10.0.40219.1
Project("{8BC9CEB8-8B4A-11D0-8D11-00A0C91BC942}") = "zlib125", "common\zlib-1.2.5\zlib125.vcxproj", "{76A92D02-87F6-4E8F-A6E4-15EE52F3D950}"
EndProject
Project("{8BC9CEB8-8B4A-11D0-8D11-00A0C91BC942}") = "UpdateTool", "UpdateTool\UpdateTools.vcxproj", "{55E54A49-42E6-40CB-AF4E-3E8554F5D98C}"
EndProject
Global
	GlobalSection(SolutionConfigurationPlatforms) = preSolution
		Debug|Win32 = Debug|Win32
		Debug|x64 = Debug|x64
		Release|Win32 = Release|Win32
		Release|x64 = Release|x64
	EndGlobalSection
	GlobalSection(ProjectConfigurationPlatforms) = postSolution
		{76A92D02-87F6-4E8F-A6E4-15EE52F3D950}.Debug|Win32.ActiveCfg = Debug|Win32
		{76A92D02-87F6-4E8F-A6E4-15EE52F3D950}.Debug|Win32.Build.0 = Debug|Win32
		{76A92D02-87F6-4E8F-A6E4-15EE52F3D950}.Debug|x64.ActiveCfg = Debug|x64
		{76A92D02-87F6-4E8F-A6E4-15EE52F3D950}.Debug|x64.Build.0 = Debug|x64
		{76A92D02-87F6-4E8F-A6E4-15EE52F3D950}.Release|Win32.ActiveCfg = Release|Win32
		{76A92D02-87F6-4E8F-A6E4-15EE52F3D950}.Release|Win32.Build.0 = Release|Win32
		{76A92D02-87F6-4E8F-A6E4-15EE52F3D950}.Release|x64.ActiveCfg = Release|x64
		{76A92D02-87F6-4E8F-A6E4-15EE52F3D950}.Release|x64.Build.0 = Release|x64
		{55E54A49-42E6-40CB-AF4E-3E8554F5D98C}.Debug|Win32.ActiveCfg = Debug|Win32
		{55E54A49-42E6-40CB-AF4E-3E8554F5D98C}.Debug|Win32.Build.0 = Debug|Win32
		{55E54A49-42E6-40CB-AF4E-3E8554F5D98C}.Debug|x64.ActiveCfg = Debug|x64
		{55E54A49-42E6-40CB-AF4E-3E8554F5D98C}.Debug|x64.Build.0 = Debug|x64
		{55E54A49-42E6-40CB-AF4E-3E8554F5D98C}.Release|Win32.ActiveCfg = Release|Win32
		{55E54A49-42E6-40CB-AF4E-3E8554F5D98C}.Release|Win32.Build.0 = Release|Win32
		{55E54A49-42E6-40CB-AF4E-3E8554F5D98C}.Release|x64.ActiveCfg = Release|x64
		{55E54A49-42E6-40CB-AF4E-3E8554F5D98C}.Release|x64.Build.0 = Release|x64
	EndGlobalSection
	GlobalSection(SolutionProperties) = preSolution
		HideSolutionNode = FALSE
	EndGlobalSection
	GlobalSection(ExtensibilityGlobals) = postSolution
		SolutionGuid = {597A55CB-A9B3-4D6F-A32D-29F0A4FA5E58}
	EndGlobalSection
EndGlobal
